
Microsoft Visual Studio Solution File, Format Version 12.00
# Visual Studio Version 16
VisualStudioVersion = 16.0.31313.79
MinimumVisualStudioVersion = 10.0.40219.1
Project("{FAE04EC0-301F-11D3-BF4B-00C04F79EFBC}") = "ConsoleApp5", "ConsoleApp5\ConsoleApp5.csproj", "{F294E3FE-B20F-4DC3-A657-C4CCEC4A2496}"
EndProject
Global
	GlobalSection(SolutionConfigurationPlatforms) = preSolution
		Debug|Any CPU = Debug|Any CPU
		Release|Any CPU = Release|Any CPU
	EndGlobalSection
	GlobalSection(ProjectConfigurationPlatforms) = postSolution
		{F294E3FE-B20F-4DC3-A657-C4CCEC4A2496}.Debug|Any CPU.ActiveCfg = Debug|Any CPU
		{F294E3FE-B20F-4DC3-A657-C4CCEC4A2496}.Debug|Any CPU.Build.0 = Debug|Any CPU
		{F294E3FE-B20F-4DC3-A657-C4CCEC4A2496}.Release|Any CPU.ActiveCfg = Release|Any CPU
		{F294E3FE-B20F-4DC3-A657-C4CCEC4A2496}.Release|Any CPU.Build.0 = Release|Any CPU
	EndGlobalSection
	GlobalSection(SolutionProperties) = preSolution
		HideSolutionNode = FALSE
	EndGlobalSection
	GlobalSection(ExtensibilityGlobals) = postSolution
		SolutionGuid = {4D341196-487E-423E-88D6-6DDBEA73623E}
	EndGlobalSection
EndGlobal
